lockfileVersion: '9.0'

settings:
  autoInstallPeers: true
  excludeLinksFromLockfile: false

importers:

  .:
    dependencies:
      '@dfv/parser-wasm':
        specifier: workspace:*
        version: link:../parser-wasm
      lucide-react:
        specifier: ^1.18.0
        version: 1.18.0(react@19.2.7)
      react:
        specifier: ^19.1.0
        version: 19.2.7

packages:

  lucide-react@1.18.0:
    resolution: {integrity: sha512-LZDb7H/0YfM+RJncD0hDQRCAu+vSGODqpe35TuVI8EuXaRjkczbsx7p8dY4J87F/MUSj6bpYqeI8nw8qXaAdmA==}
    peerDependencies:
      react: ^16.5.1 || ^17.0.0 || ^18.0.0 || ^19.0.0

  react@19.2.7:
    resolution: {integrity: sha512-HNe9WslTbXmFK8o8cmwgAeJFSBvt1bPdHCVKtaaV+WlAN36mpT4hcRpwbf3fY56ar2oIXzsBpOAiIRHAdY0OlQ==}
    engines: {node: '>=0.10.0'}

snapshots:

  lucide-react@1.18.0(react@19.2.7):
    dependencies:
      react: 19.2.7

  react@19.2.7: {}
